
Microsoft Visual Studio Solution File, Format Version 12.00
# Visual Studio Version 17
VisualStudioVersion = 17.9.34607.119
MinimumVisualStudioVersion = 10.0.40219.1
Project("{FAE04EC0-301F-11D3-BF4B-00C04F79EFBC}") = "Bank", "Bank\Bank.csproj", "{887EEAD3-1839-4908-87EE-9AB7667BDEBC}"
EndProject
Global
	GlobalSection(SolutionConfigurationPlatforms) = preSolution
		Debug|Any CPU = Debug|Any CPU
		Release|Any CPU = Release|Any CPU
	EndGlobalSection
	GlobalSection(ProjectConfigurationPlatforms) = postSolution
		{887EEAD3-1839-4908-87EE-9AB7667BDEBC}.Debug|Any CPU.ActiveCfg = Debug|Any CPU
		{887EEAD3-1839-4908-87EE-9AB7667BDEBC}.Debug|Any CPU.Build.0 = Debug|Any CPU
		{887EEAD3-1839-4908-87EE-9AB7667BDEBC}.Release|Any CPU.ActiveCfg = Release|Any CPU
		{887EEAD3-1839-4908-87EE-9AB7667BDEBC}.Release|Any CPU.Build.0 = Release|Any CPU
	EndGlobalSection
	GlobalSection(SolutionProperties) = preSolution
		HideSolutionNode = FALSE
	EndGlobalSection
	GlobalSection(ExtensibilityGlobals) = postSolution
		SolutionGuid = {28C1405A-7163-499E-B5CE-50088A39D759}
	EndGlobalSection
EndGlobal
